Microsoft Visual Studio Solution File, Format Version 12.00
# Visual Studio 2012
Project("{8BC9CEB8-8B4A-11D0-8D11-00A0C91BC942}") = "MotionVisualizer", "MotionVisualizer.vcxproj", "{E956EAE4-E2AD-02ED-0FDC-8C550EA3DB13}"
EndProject
Global
	GlobalSection(SolutionConfigurationPlatforms) = preSolution
		Debug|Win32 = Debug|Win32
		Release|Win32 = Release|Win32
	EndGlobalSection
	GlobalSection(ProjectConfigurationPlatforms) = postSolution
		{E956EAE4-E2AD-02ED-0FDC-8C550EA3DB13}.Debug|Win32.ActiveCfg = Debug|Win32
		{E956EAE4-E2AD-02ED-0FDC-8C550EA3DB13}.Debug|Win32.Build.0 = Debug|Win32
		{E956EAE4-E2AD-02ED-0FDC-8C550EA3DB13}.Debug|Win32.Deploy.0 = Debug|Win32
		{E956EAE4-E2AD-02ED-0FDC-8C550EA3DB13}.Release|Win32.ActiveCfg = Release|Win32
		{E956EAE4-E2AD-02ED-0FDC-8C550EA3DB13}.Release|Win32.Build.0 = Release|Win32
	EndGlobalSection
	GlobalSection(SolutionProperties) = preSolution
		HideSolutionNode = FALSE
	EndGlobalSection
EndGlobal
