<?xml version="1.0" encoding="utf-8"?>
<Project ToolsVersion="4.0" xmlns="http://schemas.microsoft.com/developer/msbuild/2003">
  <ItemGroup>
    <Filter Include="Source Files">
      <UniqueIdentifier>{e76f5a6b-25b1-48e5-bd1f-a073a4d146f3}</UniqueIdentifier>
      <Extensions>cpp;c;cxx;rc;def;r;odl;idl;hpj;bat</Extensions>
    </Filter>
    <Filter Include="Header Files">
      <UniqueIdentifier>{fcbe5d98-de32-4cb4-bea0-faa4520f986d}</UniqueIdentifier>
      <Extensions>h;hpp;hxx;hm;inl</Extensions>
    </Filter>
    <Filter Include="Resource Files">
      <UniqueIdentifier>{e56a00c0-f4a0-43c6-953d-09caca7a76a6}</UniqueIdentifier>
      <Extensions>ico;cur;bmp;dlg;rc2;rct;bin;rgs;gif;jpg;jpeg;jpe</Extensions>
    </Filter>
  </ItemGroup>
  <ItemGroup>
    <ClCompile Include="_lalgebra.cpp">
      <Filter>Source Files</Filter>
    </ClCompile>
    <ClCompile Include="aminoAcid.cpp">
      <Filter>Source Files</Filter>
    </ClCompile>
    <ClCompile Include="atomBag.cpp">
      <Filter>Source Files</Filter>
    </ClCompile>
    <ClCompile Include="AtomList.cpp">
      <Filter>Source Files</Filter>
    </ClCompile>
    <ClCompile Include="atomRadiusLookup.cpp">
      <Filter>Source Files</Filter>
    </ClCompile>
    <ClCompile Include="caList.cpp">
      <Filter>Source Files</Filter>
    </ClCompile>
    <ClCompile Include="funclib.cpp">
      <Filter>Source Files</Filter>
    </ClCompile>
    <ClCompile Include="GeometryParser.cpp">
      <Filter>Source Files</Filter>
    </ClCompile>
    <ClCompile Include="main.cpp">
      <Filter>Source Files</Filter>
    </ClCompile>
    <ClCompile Include="mathlib.cpp">
      <Filter>Source Files</Filter>
    </ClCompile>
    <ClCompile Include="ObjRenderer.cpp">
      <Filter>Source Files</Filter>
    </ClCompile>
    <ClCompile Include="outputFile.cpp">
      <Filter>Source Files</Filter>
    </ClCompile>
    <ClCompile Include="PdbAtom.cpp">
      <Filter>Source Files</Filter>
    </ClCompile>
    <ClCompile Include="pdbParser.cpp">
      <Filter>Source Files</Filter>
    </ClCompile>
    <ClCompile Include="PocketAlignment.cpp">
      <Filter>Source Files</Filter>
    </ClCompile>
    <ClCompile Include="prime.c">
      <Filter>Source Files</Filter>
    </ClCompile>
    <ClCompile Include="Renderer.cpp">
      <Filter>Source Files</Filter>
    </ClCompile>
    <ClCompile Include="set.c">
      <Filter>Source Files</Filter>
    </ClCompile>
    <ClCompile Include="StdAfx.cpp">
      <Filter>Source Files</Filter>
    </ClCompile>
    <ClCompile Include="SurfaceObject.cpp">
      <Filter>Source Files</Filter>
    </ClCompile>
    <ClCompile Include="SurfaceOutput.cpp">
      <Filter>Source Files</Filter>
    </ClCompile>
  </ItemGroup>
  <ItemGroup>
    <ClInclude Include="_lalgebra.h">
      <Filter>Header Files</Filter>
    </ClInclude>
    <ClInclude Include="aminoAcid.h">
      <Filter>Header Files</Filter>
    </ClInclude>
    <ClInclude Include="atomBag.h">
      <Filter>Header Files</Filter>
    </ClInclude>
    <ClInclude Include="AtomList.h">
      <Filter>Header Files</Filter>
    </ClInclude>
    <ClInclude Include="atomRadiusLookup.h">
      <Filter>Header Files</Filter>
    </ClInclude>
    <ClInclude Include="caList.h">
      <Filter>Header Files</Filter>
    </ClInclude>
    <ClInclude Include="conf.h">
      <Filter>Header Files</Filter>
    </ClInclude>
    <ClInclude Include="defs.h">
      <Filter>Header Files</Filter>
    </ClInclude>
    <ClInclude Include="funclib.h">
      <Filter>Header Files</Filter>
    </ClInclude>
    <ClInclude Include="GeometryParser.h">
      <Filter>Header Files</Filter>
    </ClInclude>
    <ClInclude Include="mathlib.h">
      <Filter>Header Files</Filter>
    </ClInclude>
    <ClInclude Include="ObjRenderer.h">
      <Filter>Header Files</Filter>
    </ClInclude>
    <ClInclude Include="outputFile.h">
      <Filter>Header Files</Filter>
    </ClInclude>
    <ClInclude Include="PdbAtom.h">
      <Filter>Header Files</Filter>
    </ClInclude>
    <ClInclude Include="pdbParser.h">
      <Filter>Header Files</Filter>
    </ClInclude>
    <ClInclude Include="PocketAlignment.h">
      <Filter>Header Files</Filter>
    </ClInclude>
    <ClInclude Include="prime.h">
      <Filter>Header Files</Filter>
    </ClInclude>
    <ClInclude Include="Renderer.h">
      <Filter>Header Files</Filter>
    </ClInclude>
    <ClInclude Include="set.h">
      <Filter>Header Files</Filter>
    </ClInclude>
    <ClInclude Include="StdAfx.h">
      <Filter>Header Files</Filter>
    </ClInclude>
    <ClInclude Include="SurfaceObject.h">
      <Filter>Header Files</Filter>
    </ClInclude>
    <ClInclude Include="SurfaceOutput.h">
      <Filter>Header Files</Filter>
    </ClInclude>
  </ItemGroup>
  <ItemGroup>
    <Library Include="glui32.lib">
      <Filter>Resource Files</Filter>
    </Library>
  </ItemGroup>
</Project>